
Microsoft Visual Studio Solution File, Format Version 12.00
# Visual Studio Version 16
VisualStudioVersion = 16.0.31129.286
MinimumVisualStudioVersion = 10.0.40219.1
Project("{FAE04EC0-301F-11D3-BF4B-00C04F79EFBC}") = "ArrayTask4", "ArrayTask4\ArrayTask4.csproj", "{53ED7B53-98AC-49E6-ABF4-C715B311AA5B}"
EndProject
Global
	GlobalSection(SolutionConfigurationPlatforms) = preSolution
		Debug|Any CPU = Debug|Any CPU
		Release|Any CPU = Release|Any CPU
	EndGlobalSection
	GlobalSection(ProjectConfigurationPlatforms) = postSolution
		{53ED7B53-98AC-49E6-ABF4-C715B311AA5B}.Debug|Any CPU.ActiveCfg = Debug|Any CPU
		{53ED7B53-98AC-49E6-ABF4-C715B311AA5B}.Debug|Any CPU.Build.0 = Debug|Any CPU
		{53ED7B53-98AC-49E6-ABF4-C715B311AA5B}.Release|Any CPU.ActiveCfg = Release|Any CPU
		{53ED7B53-98AC-49E6-ABF4-C715B311AA5B}.Release|Any CPU.Build.0 = Release|Any CPU
	EndGlobalSection
	GlobalSection(SolutionProperties) = preSolution
		HideSolutionNode = FALSE
	EndGlobalSection
	GlobalSection(ExtensibilityGlobals) = postSolution
		SolutionGuid = {6AF72119-3633-4F68-82B1-086102658D5B}
	EndGlobalSection
EndGlobal
