
Microsoft Visual Studio Solution File, Format Version 12.00
# Visual Studio Version 16
VisualStudioVersion = 16.0.31205.134
MinimumVisualStudioVersion = 10.0.40219.1
Project("{FAE04EC0-301F-11D3-BF4B-00C04F79EFBC}") = "Dairy", "Dairy\Dairy.csproj", "{C727DF8E-04AE-4774-9E6D-8D09691CA8CD}"
EndProject
Global
	GlobalSection(SolutionConfigurationPlatforms) = preSolution
		Debug|Any CPU = Debug|Any CPU
		Release|Any CPU = Release|Any CPU
	EndGlobalSection
	GlobalSection(ProjectConfigurationPlatforms) = postSolution
		{C727DF8E-04AE-4774-9E6D-8D09691CA8CD}.Debug|Any CPU.ActiveCfg = Debug|Any CPU
		{C727DF8E-04AE-4774-9E6D-8D09691CA8CD}.Debug|Any CPU.Build.0 = Debug|Any CPU
		{C727DF8E-04AE-4774-9E6D-8D09691CA8CD}.Release|Any CPU.ActiveCfg = Release|Any CPU
		{C727DF8E-04AE-4774-9E6D-8D09691CA8CD}.Release|Any CPU.Build.0 = Release|Any CPU
	EndGlobalSection
	GlobalSection(SolutionProperties) = preSolution
		HideSolutionNode = FALSE
	EndGlobalSection
	GlobalSection(ExtensibilityGlobals) = postSolution
		SolutionGuid = {ED1803EE-84A4-4BEE-9F5E-DD2F7B1CD134}
	EndGlobalSection
EndGlobal
