
Microsoft Visual Studio Solution File, Format Version 12.00
Project("{FAE04EC0-301F-11D3-BF4B-00C04F79EFBC}") = "BankApplication", "BankApplication\BankApplication.csproj", "{9DDBF439-05FE-4C20-A7D6-7E05EFAE9A74}"
EndProject
Project("{FAE04EC0-301F-11D3-BF4B-00C04F79EFBC}") = "BankLibrary", "BankLibrary\BankLibrary.csproj", "{12FC7307-1724-4B1A-B262-809011D91555}"
EndProject
Global
	GlobalSection(SolutionConfigurationPlatforms) = preSolution
		Debug|Any CPU = Debug|Any CPU
		Release|Any CPU = Release|Any CPU
	EndGlobalSection
	GlobalSection(ProjectConfigurationPlatforms) = postSolution
		{9DDBF439-05FE-4C20-A7D6-7E05EFAE9A74}.Debug|Any CPU.ActiveCfg = Debug|Any CPU
		{9DDBF439-05FE-4C20-A7D6-7E05EFAE9A74}.Debug|Any CPU.Build.0 = Debug|Any CPU
		{9DDBF439-05FE-4C20-A7D6-7E05EFAE9A74}.Release|Any CPU.ActiveCfg = Release|Any CPU
		{9DDBF439-05FE-4C20-A7D6-7E05EFAE9A74}.Release|Any CPU.Build.0 = Release|Any CPU
		{12FC7307-1724-4B1A-B262-809011D91555}.Debug|Any CPU.ActiveCfg = Debug|Any CPU
		{12FC7307-1724-4B1A-B262-809011D91555}.Debug|Any CPU.Build.0 = Debug|Any CPU
		{12FC7307-1724-4B1A-B262-809011D91555}.Release|Any CPU.ActiveCfg = Release|Any CPU
		{12FC7307-1724-4B1A-B262-809011D91555}.Release|Any CPU.Build.0 = Release|Any CPU
	EndGlobalSection
EndGlobal
